{
  "pins" : [
    {
      "identity" : "pixelenginepackageiota",
      "kind" : "remoteSourceControl",
      "location" : "https://github.com/jyotishiota/PixelEnginePackageIota.git",
      "state" : {
        "revision" : "024bad032fd417d07f6bb98d15fc140d456f5daa"
      }
    }
  ],
  "version" : 2
}
