{
  "pins" : [
    {
      "identity" : "pixelenginepackageiota",
      "kind" : "remoteSourceControl",
      "location" : "https://github.com/jyotishiota/PixelEnginePackageIota.git",
      "state" : {
        "branch" : "main",
        "revision" : "ae3be6ff9891e8770f38f16b297b09aca8c4c0ae"
      }
    },
    {
      "identity" : "swiftui-shimmer",
      "kind" : "remoteSourceControl",
      "location" : "https://github.com/markiv/SwiftUI-Shimmer",
      "state" : {
        "revision" : "17b66b0e7d94d2d3f220bbcb021b5026436f06c7",
        "version" : "1.3.0"
      }
    }
  ],
  "version" : 2
}
